# THIS IS AN AUTOGENERATED FILE. DO NOT EDIT THIS FILE DIRECTLY.
# yarn lockfile v1


vue-electron@^1.0.0:
  version "1.0.4"
  resolved "https://registry.yarnpkg.com/vue-electron/-/vue-electron-1.0.4.tgz#fe4e70e0b6a9e7d58823f42692eb9a2302856ce1"

vue-router@^2.0.0:
  version "2.1.1"
  resolved "https://registry.yarnpkg.com/vue-router/-/vue-router-2.1.1.tgz#10c31bbdcb6da92bd3e0223fa12345e73018625a"

vue@^2.1.4:
  version "2.1.4"
  resolved "https://registry.yarnpkg.com/vue/-/vue-2.1.4.tgz#d490f8fcf696847d8cf7f8eb9168e9a5dd806bfc"

vuex@^2.0.0:
  version "2.0.0"
  resolved "https://registry.yarnpkg.com/vuex/-/vuex-2.0.0.tgz#26befa44de220f009e432d1027487bff29571cee"
